{
    "version": 3,
    "terraform_version": "0.11.10",
    "serial": 20,
    "lineage": "758009c2-4236-7b10-1898-6d100461de99",
    "modules": [
        {
            "path": [
                "root"
            ],
            "outputs": {
                "ip": {
                    "sensitive": false,
                    "type": "list",
                    "value": [
                        "18.202.237.89",
                        "34.241.52.132"
                    ]
                }
            },
            "resources": {
                "aws_instance.test.0": {
                    "type": "aws_instance",
                    "depends_on": [],
                    "primary": {
                        "id": "i-07c029d8e271c8c56",
                        "attributes": {
                            "ami": "ami-0ab7944c6328200be",
                            "arn": "arn:aws:ec2:eu-west-1:372182733950:instance/i-07c029d8e271c8c56",
                            "associate_public_ip_address": "true",
                            "availability_zone": "eu-west-1c",
                            "cpu_core_count": "1",
                            "cpu_threads_per_core": "1",
                            "credit_specification.#": "1",
                            "credit_specification.0.cpu_credits": "standard",
                            "disable_api_termination": "false",
                            "ebs_block_device.#": "0",
                            "ebs_optimized": "false",
                            "ephemeral_block_device.#": "0",
                            "get_password_data": "false",
                            "iam_instance_profile": "",
                            "id": "i-07c029d8e271c8c56",
                            "instance_state": "running",
                            "instance_type": "t2.micro",
                            "ipv6_addresses.#": "0",
                            "key_name": "VideoBurst-Pair",
                            "monitoring": "false",
                            "network_interface.#": "0",
                            "network_interface_id": "eni-00c08bcb0b9a69ec5",
                            "password_data": "",
                            "placement_group": "",
                            "primary_network_interface_id": "eni-00c08bcb0b9a69ec5",
                            "private_dns": "ip-172-31-8-19.eu-west-1.compute.internal",
                            "private_ip": "172.31.8.19",
                            "public_dns": "ec2-18-202-237-89.eu-west-1.compute.amazonaws.com",
                            "public_ip": "18.202.237.89",
                            "root_block_device.#": "1",
                            "root_block_device.0.delete_on_termination": "true",
                            "root_block_device.0.iops": "100",
                            "root_block_device.0.volume_id": "vol-0e8ad3fd4911175fa",
                            "root_block_device.0.volume_size": "8",
                            "root_block_device.0.volume_type": "gp2",
                            "security_groups.#": "1",
                            "security_groups.2601523245": "VideoBurst-Stage",
                            "source_dest_check": "true",
                            "subnet_id": "subnet-f35dd197",
                            "tags.%": "2",
                            "tags.ENV": "Dev",
                            "tags.Name": "Terraform",
                            "tenancy": "default",
                            "user_data": "aa75eca2e6a05d1ddd7c943954ca5bbbcdb40c43",
                            "volume_tags.%": "0",
                            "vpc_security_group_ids.#": "1",
                            "vpc_security_group_ids.3016384900": "sg-657f4702"
                        },
                        "meta": {
                            "e2bfb730-ecaa-11e6-8f88-34363bc7c4c0": {
                                "create": 600000000000,
                                "delete": 1200000000000,
                                "update": 600000000000
                            },
                            "schema_version": "1"
                        },
                        "tainted": false
                    },
                    "deposed": [],
                    "provider": "provider.aws"
                },
                "aws_instance.test.1": {
                    "type": "aws_instance",
                    "depends_on": [],
                    "primary": {
                        "id": "i-0fe486c761b4a18b2",
                        "attributes": {
                            "ami": "ami-0ab7944c6328200be",
                            "arn": "arn:aws:ec2:eu-west-1:372182733950:instance/i-0fe486c761b4a18b2",
                            "associate_public_ip_address": "true",
                            "availability_zone": "eu-west-1c",
                            "cpu_core_count": "1",
                            "cpu_threads_per_core": "1",
                            "credit_specification.#": "1",
                            "credit_specification.0.cpu_credits": "standard",
                            "disable_api_termination": "false",
                            "ebs_block_device.#": "0",
                            "ebs_optimized": "false",
                            "ephemeral_block_device.#": "0",
                            "get_password_data": "false",
                            "iam_instance_profile": "",
                            "id": "i-0fe486c761b4a18b2",
                            "instance_state": "running",
                            "instance_type": "t2.micro",
                            "ipv6_addresses.#": "0",
                            "key_name": "VideoBurst-Pair",
                            "monitoring": "false",
                            "network_interface.#": "0",
                            "network_interface_id": "eni-002fcc3b50c9639ef",
                            "password_data": "",
                            "placement_group": "",
                            "primary_network_interface_id": "eni-002fcc3b50c9639ef",
                            "private_dns": "ip-172-31-9-137.eu-west-1.compute.internal",
                            "private_ip": "172.31.9.137",
                            "public_dns": "ec2-34-241-52-132.eu-west-1.compute.amazonaws.com",
                            "public_ip": "34.241.52.132",
                            "root_block_device.#": "1",
                            "root_block_device.0.delete_on_termination": "true",
                            "root_block_device.0.iops": "100",
                            "root_block_device.0.volume_id": "vol-0d60e64f301b2478b",
                            "root_block_device.0.volume_size": "8",
                            "root_block_device.0.volume_type": "gp2",
                            "security_groups.#": "1",
                            "security_groups.2601523245": "VideoBurst-Stage",
                            "source_dest_check": "true",
                            "subnet_id": "subnet-f35dd197",
                            "tags.%": "2",
                            "tags.ENV": "Dev",
                            "tags.Name": "Terraform",
                            "tenancy": "default",
                            "user_data": "aa75eca2e6a05d1ddd7c943954ca5bbbcdb40c43",
                            "volume_tags.%": "0",
                            "vpc_security_group_ids.#": "1",
                            "vpc_security_group_ids.3016384900": "sg-657f4702"
                        },
                        "meta": {
                            "e2bfb730-ecaa-11e6-8f88-34363bc7c4c0": {
                                "create": 600000000000,
                                "delete": 1200000000000,
                                "update": 600000000000
                            },
                            "schema_version": "1"
                        },
                        "tainted": false
                    },
                    "deposed": [],
                    "provider": "provider.aws"
                }
            },
            "depends_on": []
        }
    ]
}
